
Microsoft Visual Studio Solution File, Format Version 12.00
# Visual Studio Version 17
VisualStudioVersion = 17.0.31919.166
MinimumVisualStudioVersion = 10.0.40219.1
Project("{9A19103F-16F7-4668-BE54-9A1E7A4F7556}") = "Server(ASP.NETCoreWebAPI)", "Server(ASP.NETCoreWebAPI)\Server(ASP.NETCoreWebAPI).csproj", "{170A6A35-EEB4-4B5D-8445-DA3246BBD4BA}"
EndProject
Project("{9A19103F-16F7-4668-BE54-9A1E7A4F7556}") = "Client(BlazorWebAssemblyApp)", "Client(BlazorWebAssemblyApp)\Client(BlazorWebAssemblyApp).csproj", "{81B43A12-9F0D-4C3B-9303-7944FCF93EE8}"
EndProject
Project("{FAE04EC0-301F-11D3-BF4B-00C04F79EFBC}") = "Share(ClassLibrary)", "Share(ClassLibrary)\Share(ClassLibrary).csproj", "{289176AC-5278-4103-A735-41F1CDD1F900}"
EndProject
Global
	GlobalSection(SolutionConfigurationPlatforms) = preSolution
		Debug|Any CPU = Debug|Any CPU
		Release|Any CPU = Release|Any CPU
	EndGlobalSection
	GlobalSection(ProjectConfigurationPlatforms) = postSolution
		{170A6A35-EEB4-4B5D-8445-DA3246BBD4BA}.Debug|Any CPU.ActiveCfg = Debug|Any CPU
		{170A6A35-EEB4-4B5D-8445-DA3246BBD4BA}.Debug|Any CPU.Build.0 = Debug|Any CPU
		{170A6A35-EEB4-4B5D-8445-DA3246BBD4BA}.Release|Any CPU.ActiveCfg = Release|Any CPU
		{170A6A35-EEB4-4B5D-8445-DA3246BBD4BA}.Release|Any CPU.Build.0 = Release|Any CPU
		{81B43A12-9F0D-4C3B-9303-7944FCF93EE8}.Debug|Any CPU.ActiveCfg = Debug|Any CPU
		{81B43A12-9F0D-4C3B-9303-7944FCF93EE8}.Debug|Any CPU.Build.0 = Debug|Any CPU
		{81B43A12-9F0D-4C3B-9303-7944FCF93EE8}.Release|Any CPU.ActiveCfg = Release|Any CPU
		{81B43A12-9F0D-4C3B-9303-7944FCF93EE8}.Release|Any CPU.Build.0 = Release|Any CPU
		{289176AC-5278-4103-A735-41F1CDD1F900}.Debug|Any CPU.ActiveCfg = Debug|Any CPU
		{289176AC-5278-4103-A735-41F1CDD1F900}.Debug|Any CPU.Build.0 = Debug|Any CPU
		{289176AC-5278-4103-A735-41F1CDD1F900}.Release|Any CPU.ActiveCfg = Release|Any CPU
		{289176AC-5278-4103-A735-41F1CDD1F900}.Release|Any CPU.Build.0 = Release|Any CPU
	EndGlobalSection
	GlobalSection(SolutionProperties) = preSolution
		HideSolutionNode = FALSE
	EndGlobalSection
	GlobalSection(ExtensibilityGlobals) = postSolution
		SolutionGuid = {6B285422-018B-42D1-B793-99B6FA0BD1F6}
	EndGlobalSection
EndGlobal
